PODS:
  - CSLCommonLibrary (0.3.7):
    - SDWebImage
  - SDWebImage (5.5.2):
    - SDWebImage/Core (= 5.5.2)
  - SDWebImage/Core (5.5.2)

DEPENDENCIES:
  - CSLCommonLibrary (from `../`)

SPEC REPOS:
  https://github.com/CocoaPods/Specs.git:
    - SDWebImage

EXTERNAL SOURCES:
  CSLCommonLibrary:
    :path: "../"

SPEC CHECKSUMS:
  CSLCommonLibrary: fafcb13e4600bf1f01e0502a8c22e7e67af4d632
  SDWebImage: 4d5c027c935438f341ed33dbac53ff9f479922ca

PODFILE CHECKSUM: 318095f2a7cad110021756814123ada1dc32fc38

COCOAPODS: 1.8.4
