PODS:
  - CSLCommonLibrary (0.3.9):
    - SDWebImage
  - SDWebImage (5.5.2):
    - SDWebImage/Core (= 5.5.2)
  - SDWebImage/Core (5.5.2)

DEPENDENCIES:
  - CSLCommonLibrary (from `../`)
  - SDWebImage (~> 5.0)

SPEC REPOS:
  https://github.com/CocoaPods/Specs.git:
    - SDWebImage

EXTERNAL SOURCES:
  CSLCommonLibrary:
    :path: "../"

SPEC CHECKSUMS:
  CSLCommonLibrary: af8d3832c6e324544d2406b0a76539f7fd50f14f
  SDWebImage: 4d5c027c935438f341ed33dbac53ff9f479922ca

PODFILE CHECKSUM: fc6d9b4f4e6ab15eb1be58e90abdb75ebe036b8a

COCOAPODS: 1.8.4
